NeoBundleLock fzf.vim 2c07630341de7e4d8f85acf1e44d9b8ce8e5e48b
NeoBundleLock neobundle.vim 1306c131ff0a6cc094b7ff0727350e442b5427f1
NeoBundleLock nerdtree 30ad6da98482d8aee36d90c49711a8476b5e240a
NeoBundleLock supertab 40fe711e088e2ab346738233dd5adbb1be355172
NeoBundleLock vim-easymotion dd7b4b526775bc8553e16bc402020573b04a948c
NeoBundleLock vim-expand-region 966513543de0ddc2d673b5528a056269e7917276
NeoBundleLock vim-fugitive caf3b1d5696e8d39a905e48f1e89d8c0c565168c
NeoBundleLock vim-operator-replace 1345a556a321a092716e149d4765a5e17c0e9f0f
NeoBundleLock vim-surround f51a26d3710629d031806305b6c8727189cd1935
NeoBundleLock winresizer e914728083536102c81281a2b2d0b81eec1e6bfb
