NeoBundleLock auto-pairs 39f06b873a8449af8ff6a3eee716d3da14d63a76
NeoBundleLock calendar.vim 55d0495ff03260d82a5c80365cb754871ce35460
NeoBundleLock comfortable-motion.vim e20aeafb07c6184727b29f7674530150f7ab2036
NeoBundleLock fzf.vim 2c07630341de7e4d8f85acf1e44d9b8ce8e5e48b
NeoBundleLock neobundle.vim 1306c131ff0a6cc094b7ff0727350e442b5427f1
NeoBundleLock nerdtree 30ad6da98482d8aee36d90c49711a8476b5e240a
NeoBundleLock open-browser.vim 99b8c0b845428204c4e1a08d6e7e58ae414accb2
NeoBundleLock supertab 40fe711e088e2ab346738233dd5adbb1be355172
NeoBundleLock vim-easymotion dd7b4b526775bc8553e16bc402020573b04a948c
NeoBundleLock vim-expand-region 966513543de0ddc2d673b5528a056269e7917276
NeoBundleLock vim-fugitive caf3b1d5696e8d39a905e48f1e89d8c0c565168c
NeoBundleLock vim-gitgutter b356cc9a7da08ebeb919cd04b2831dad71a34d38
NeoBundleLock vim-showmarks 1966a54616cc5b9483dcced8c640f508e2a46c4e
NeoBundleLock vim-tags e75dea76e488d9208ed73c53c46a4abee2695115
NeoBundleLock winresizer e914728083536102c81281a2b2d0b81eec1e6bfb
